<?xml version="1.0" encoding="utf-8"?>
<Project ToolsVersion="4.0" xmlns="http://schemas.microsoft.com/developer/msbuild/2003">
  <ItemGroup>
    <ClCompile Include="unLimited.cpp" />
    <ClCompile Include="utils.cpp" />
    <ClCompile Include="hooks\hooks.cpp">
      <Filter>hooks</Filter>
    </ClCompile>
    <ClCompile Include="interfaces.cpp" />
    <ClCompile Include="sdk\VMatrix.cpp">
      <Filter>sdk</Filter>
    </ClCompile>
    <ClCompile Include="hooks\directx.cpp">
      <Filter>hooks</Filter>
    </ClCompile>
    <ClCompile Include="imgui\imgui.cpp">
      <Filter>imgui</Filter>
    </ClCompile>
    <ClCompile Include="imgui\imgui_draw.cpp">
      <Filter>imgui</Filter>
    </ClCompile>
    <ClCompile Include="imgui\imgui_impl_dx9.cpp">
      <Filter>imgui</Filter>
    </ClCompile>
    <ClCompile Include="netvars.cpp" />
    <ClCompile Include="sdk\Color.cpp">
      <Filter>sdk</Filter>
    </ClCompile>
    <ClCompile Include="sdk\Vector4D.cpp">
      <Filter>sdk</Filter>
    </ClCompile>
    <ClCompile Include="sdk\Vector2D.cpp">
      <Filter>sdk</Filter>
    </ClCompile>
    <ClCompile Include="sdk\Vector.cpp">
      <Filter>sdk</Filter>
    </ClCompile>
    <ClCompile Include="sdk\CRC.cpp">
      <Filter>sdk</Filter>
    </ClCompile>
    <ClCompile Include="hooks\create_move.cpp">
      <Filter>hooks</Filter>
    </ClCompile>
    <ClCompile Include="features\backtracking.cpp" />
  </ItemGroup>
  <ItemGroup>
    <ClInclude Include="utils.hpp" />
    <ClInclude Include="hooks\hooks.hpp">
      <Filter>hooks</Filter>
    </ClInclude>
    <ClInclude Include="vmt_hook.hpp" />
    <ClInclude Include="interfaces.hpp" />
    <ClInclude Include="sdk\IClientEntity.hpp">
      <Filter>sdk</Filter>
    </ClInclude>
    <ClInclude Include="sdk\sdk.hpp">
      <Filter>sdk</Filter>
    </ClInclude>
    <ClInclude Include="sdk\IVEngineClient.hpp">
      <Filter>sdk</Filter>
    </ClInclude>
    <ClInclude Include="sdk\Vector.hpp">
      <Filter>sdk</Filter>
    </ClInclude>
    <ClInclude Include="sdk\QAngle.hpp">
      <Filter>sdk</Filter>
    </ClInclude>
    <ClInclude Include="sdk\VMatrix.hpp">
      <Filter>sdk</Filter>
    </ClInclude>
    <ClInclude Include="sdk\IClientNetworkable.hpp">
      <Filter>sdk</Filter>
    </ClInclude>
    <ClInclude Include="sdk\IClientRenderable.hpp">
      <Filter>sdk</Filter>
    </ClInclude>
    <ClInclude Include="sdk\IClientUnknown.hpp">
      <Filter>sdk</Filter>
    </ClInclude>
    <ClInclude Include="sdk\IClientThinkable.hpp">
      <Filter>sdk</Filter>
    </ClInclude>
    <ClInclude Include="sdk\IHandleEntity.hpp">
      <Filter>sdk</Filter>
    </ClInclude>
    <ClInclude Include="imgui\imconfig.h">
      <Filter>imgui</Filter>
    </ClInclude>
    <ClInclude Include="imgui\imgui.h">
      <Filter>imgui</Filter>
    </ClInclude>
    <ClInclude Include="imgui\imgui_impl_dx9.h">
      <Filter>imgui</Filter>
    </ClInclude>
    <ClInclude Include="imgui\imgui_internal.h">
      <Filter>imgui</Filter>
    </ClInclude>
    <ClInclude Include="imgui\stb_textedit.h">
      <Filter>imgui</Filter>
    </ClInclude>
    <ClInclude Include="imgui\stb_rect_pack.h">
      <Filter>imgui</Filter>
    </ClInclude>
    <ClInclude Include="imgui\stb_truetype.h">
      <Filter>imgui</Filter>
    </ClInclude>
    <ClInclude Include="gui.hpp" />
    <ClInclude Include="netvars.hpp" />
    <ClInclude Include="sdk\Recv.hpp">
      <Filter>sdk</Filter>
    </ClInclude>
    <ClInclude Include="sdk\CGlobalVarsBase.hpp">
      <Filter>sdk</Filter>
    </ClInclude>
    <ClInclude Include="sdk\ClientClass.hpp">
      <Filter>sdk</Filter>
    </ClInclude>
    <ClInclude Include="sdk\IAppSystem.hpp">
      <Filter>sdk</Filter>
    </ClInclude>
    <ClInclude Include="sdk\IBaseClientDLL.hpp">
      <Filter>sdk</Filter>
    </ClInclude>
    <ClInclude Include="sdk\CBaseClientState.hpp">
      <Filter>sdk</Filter>
    </ClInclude>
    <ClInclude Include="sdk\IClientEntityList.hpp">
      <Filter>sdk</Filter>
    </ClInclude>
    <ClInclude Include="sdk\CHandle.hpp">
      <Filter>sdk</Filter>
    </ClInclude>
    <ClInclude Include="sdk\CGlowObjectManager.hpp">
      <Filter>sdk</Filter>
    </ClInclude>
    <ClInclude Include="sdk\UtlVector.hpp">
      <Filter>sdk</Filter>
    </ClInclude>
    <ClInclude Include="sdk\UtlMemory.hpp">
      <Filter>sdk</Filter>
    </ClInclude>
    <ClInclude Include="sdk\IClientMode.hpp">
      <Filter>sdk</Filter>
    </ClInclude>
    <ClInclude Include="sdk\ICvar.hpp">
      <Filter>sdk</Filter>
    </ClInclude>
    <ClInclude Include="sdk\Color.hpp">
      <Filter>sdk</Filter>
    </ClInclude>
    <ClInclude Include="sdk\IGameEventManager2.hpp">
      <Filter>sdk</Filter>
    </ClInclude>
    <ClInclude Include="sdk\ILocalize.hpp">
      <Filter>sdk</Filter>
    </ClInclude>
    <ClInclude Include="sdk\IPanel.hpp">
      <Filter>sdk</Filter>
    </ClInclude>
    <ClInclude Include="sdk\IVDebugOverlay.hpp">
      <Filter>sdk</Filter>
    </ClInclude>
    <ClInclude Include="sdk\IVModelInfo.hpp">
      <Filter>sdk</Filter>
    </ClInclude>
    <ClInclude Include="sdk\IEngineTrace.hpp">
      <Filter>sdk</Filter>
    </ClInclude>
    <ClInclude Include="sdk\Vector4D.hpp">
      <Filter>sdk</Filter>
    </ClInclude>
    <ClInclude Include="sdk\ISurface.hpp">
      <Filter>sdk</Filter>
    </ClInclude>
    <ClInclude Include="sdk\Vector2D.hpp">
      <Filter>sdk</Filter>
    </ClInclude>
    <ClInclude Include="sdk\CInput.hpp">
      <Filter>sdk</Filter>
    </ClInclude>
    <ClInclude Include="sdk\CRC.hpp">
      <Filter>sdk</Filter>
    </ClInclude>
    <ClInclude Include="features\backtracking.hpp">
      <Filter>features</Filter>
    </ClInclude>
  </ItemGroup>
  <ItemGroup>
    <Filter Include="hooks">
      <UniqueIdentifier>{a14042c6-12d5-4714-8af0-dda7d9686d85}</UniqueIdentifier>
    </Filter>
    <Filter Include="sdk">
      <UniqueIdentifier>{b510e543-a135-4546-be5f-78dec0534c65}</UniqueIdentifier>
    </Filter>
    <Filter Include="features">
      <UniqueIdentifier>{8453b86c-eca0-49be-9149-e564beecfb7a}</UniqueIdentifier>
    </Filter>
    <Filter Include="imgui">
      <UniqueIdentifier>{ebc244fb-7634-48fe-b3b6-b8a1e698ad37}</UniqueIdentifier>
    </Filter>
  </ItemGroup>
</Project>