<?xml version="1.0" encoding="utf-8"?>
<Project ToolsVersion="4.0" xmlns="http://schemas.microsoft.com/developer/msbuild/2003">
  <ItemGroup>
    <ClCompile Include="unLimited.cpp" />
    <ClCompile Include="utils.cpp" />
    <ClCompile Include="hooks\hooks.cpp">
      <Filter>hooks</Filter>
    </ClCompile>
    <ClCompile Include="interfaces.cpp" />
    <ClCompile Include="sdk\VMatrix.cpp">
      <Filter>sdk</Filter>
    </ClCompile>
  </ItemGroup>
  <ItemGroup>
    <ClInclude Include="utils.hpp" />
    <ClInclude Include="hooks\hooks.hpp">
      <Filter>hooks</Filter>
    </ClInclude>
    <ClInclude Include="vmt_hook.hpp" />
    <ClInclude Include="interfaces.hpp" />
    <ClInclude Include="sdk\IClientEntity.hpp">
      <Filter>sdk</Filter>
    </ClInclude>
    <ClInclude Include="sdk\sdk.hpp">
      <Filter>sdk</Filter>
    </ClInclude>
    <ClInclude Include="sdk\IVEngineClient.hpp">
      <Filter>sdk</Filter>
    </ClInclude>
    <ClInclude Include="sdk\Vector.hpp">
      <Filter>sdk</Filter>
    </ClInclude>
    <ClInclude Include="sdk\QAngle.hpp">
      <Filter>sdk</Filter>
    </ClInclude>
    <ClInclude Include="sdk\VMatrix.hpp">
      <Filter>sdk</Filter>
    </ClInclude>
    <ClInclude Include="sdk\IClientNetworkable.hpp">
      <Filter>sdk</Filter>
    </ClInclude>
    <ClInclude Include="sdk\IClientRenderable.hpp">
      <Filter>sdk</Filter>
    </ClInclude>
    <ClInclude Include="sdk\IClientUnknown.hpp">
      <Filter>sdk</Filter>
    </ClInclude>
    <ClInclude Include="sdk\IClientThinkable.hpp">
      <Filter>sdk</Filter>
    </ClInclude>
    <ClInclude Include="sdk\IHandleEntity.hpp">
      <Filter>sdk</Filter>
    </ClInclude>
  </ItemGroup>
  <ItemGroup>
    <Filter Include="hooks">
      <UniqueIdentifier>{a14042c6-12d5-4714-8af0-dda7d9686d85}</UniqueIdentifier>
    </Filter>
    <Filter Include="sdk">
      <UniqueIdentifier>{b510e543-a135-4546-be5f-78dec0534c65}</UniqueIdentifier>
    </Filter>
    <Filter Include="features">
      <UniqueIdentifier>{8453b86c-eca0-49be-9149-e564beecfb7a}</UniqueIdentifier>
    </Filter>
  </ItemGroup>
</Project>